{
    "_meta": {
        "hash": {
            "sha256": "5266225d5d723a98bfb411e505f0b3672d0b1c20db45fe70a86f62bbfe69ba79"
        },
        "host-environment-markers": {
            "implementation_name": "cpython",
            "implementation_version": "3.6.0",
            "os_name": "posix",
            "platform_machine": "x86_64",
            "platform_python_implementation": "CPython",
            "platform_release": "17.4.0",
            "platform_system": "Darwin",
            "platform_version": "Darwin Kernel Version 17.4.0: Sun Dec 17 09:19:54 PST 2017; root:xnu-4570.41.2~1/RELEASE_X86_64",
            "python_full_version": "3.6.0",
            "python_version": "3.6",
            "sys_platform": "darwin"
        },
        "pipfile-spec": 6,
        "requires": {},
        "sources": [
            {
                "name": "pypi",
                "url": "https://pypi.python.org/simple",
                "verify_ssl": true
            }
        ]
    },
    "default": {
        "bleach": {
            "hashes": [],
            "version": "==2.1.2"
        },
        "decorator": {
            "hashes": [],
            "version": "==4.2.1"
        },
        "django": {
            "hashes": [],
            "version": "==2.0.2"
        },
        "entrypoints": {
            "hashes": [],
            "version": "==0.2.3"
        },
        "html5lib": {
            "hashes": [],
            "version": "==1.0.1"
        },
        "ipython-genutils": {
            "hashes": [],
            "version": "==0.2.0"
        },
        "jinja2": {
            "hashes": [],
            "version": "==2.10"
        },
        "jsonschema": {
            "hashes": [],
            "version": "==2.6.0"
        },
        "jupyter-core": {
            "hashes": [],
            "version": "==4.4.0"
        },
        "markupsafe": {
            "hashes": [],
            "version": "==1.0"
        },
        "mistune": {
            "hashes": [],
            "version": "==0.8.3"
        },
        "more-itertools": {
            "hashes": [],
            "version": "==4.1.0"
        },
        "nbconvert": {
            "hashes": [],
            "version": "==5.3.1"
        },
        "nbformat": {
            "hashes": [],
            "version": "==4.4.0"
        },
        "pandocfilters": {
            "hashes": [],
            "version": "==1.4.2"
        },
        "pygments": {
            "hashes": [],
            "version": "==2.2.0"
        },
        "pytz": {
            "hashes": [],
            "version": "==2018.3"
        },
        "six": {
            "hashes": [],
            "version": "==1.11.0"
        },
        "testpath": {
            "hashes": [],
            "version": "==0.3.1"
        },
        "traitlets": {
            "hashes": [],
            "version": "==4.3.2"
        },
        "webencodings": {
            "hashes": [],
            "version": "==0.5.1"
        }
    },
    "develop": {
        "apipkg": {
            "hashes": [],
            "version": "==1.4"
        },
        "appnope": {
            "hashes": [],
            "markers": "sys_platform == 'darwin'",
            "version": "==0.1.0"
        },
        "astroid": {
            "hashes": [],
            "version": "==1.6.1"
        },
        "attrs": {
            "hashes": [],
            "version": "==17.4.0"
        },
        "decorator": {
            "hashes": [],
            "version": "==4.2.1"
        },
        "django": {
            "hashes": [],
            "version": "==2.0.2"
        },
        "django-debug-toolbar": {
            "hashes": [],
            "version": "==1.9.1"
        },
        "django-extensions": {
            "hashes": [],
            "version": "==1.9.9"
        },
        "django-seed": {
            "hashes": [],
            "version": "==0.1.8"
        },
        "execnet": {
            "hashes": [],
            "version": "==1.5.0"
        },
        "faker": {
            "hashes": [],
            "version": "==0.8.11"
        },
        "ipython": {
            "hashes": [],
            "version": "==6.2.1"
        },
        "ipython-genutils": {
            "hashes": [],
            "version": "==0.2.0"
        },
        "isort": {
            "hashes": [],
            "version": "==4.3.4"
        },
        "jedi": {
            "hashes": [],
            "version": "==0.11.1"
        },
        "lazy-object-proxy": {
            "hashes": [],
            "version": "==1.3.1"
        },
        "mccabe": {
            "hashes": [],
            "version": "==0.6.1"
        },
        "mock": {
            "hashes": [],
            "version": "==2.0.0"
        },
        "parso": {
            "hashes": [],
            "version": "==0.1.1"
        },
        "pbr": {
            "hashes": [],
            "version": "==3.1.1"
        },
        "pexpect": {
            "hashes": [],
            "markers": "sys_platform != 'win32'",
            "version": "==4.4.0"
        },
        "pickleshare": {
            "hashes": [],
            "version": "==0.7.4"
        },
        "pluggy": {
            "hashes": [],
            "version": "==0.6.0"
        },
        "prompt-toolkit": {
            "hashes": [],
            "version": "==1.0.15"
        },
        "ptyprocess": {
            "hashes": [],
            "version": "==0.5.2"
        },
        "pudb": {
            "hashes": [],
            "version": "==2017.1.4"
        },
        "py": {
            "hashes": [],
            "version": "==1.5.2"
        },
        "pygments": {
            "hashes": [],
            "version": "==2.2.0"
        },
        "pylint": {
            "hashes": [],
            "version": "==1.8.2"
        },
        "pytest": {
            "hashes": [],
            "version": "==3.4.1"
        },
        "pytest-django": {
            "hashes": [],
            "version": "==3.1.2"
        },
        "pytest-forked": {
            "hashes": [],
            "version": "==0.2"
        },
        "pytest-pudb": {
            "hashes": [],
            "version": "==0.6"
        },
        "pytest-sugar": {
            "hashes": [],
            "version": "==0.9.1"
        },
        "pytest-xdist": {
            "hashes": [],
            "version": "==1.22.1"
        },
        "python-dateutil": {
            "hashes": [],
            "version": "==2.6.1"
        },
        "pytz": {
            "hashes": [],
            "version": "==2018.3"
        },
        "simplegeneric": {
            "hashes": [],
            "version": "==0.8.1"
        },
        "six": {
            "hashes": [],
            "version": "==1.11.0"
        },
        "sqlparse": {
            "hashes": [],
            "version": "==0.2.4"
        },
        "termcolor": {
            "hashes": [],
            "version": "==1.1.0"
        },
        "text-unidecode": {
            "hashes": [],
            "version": "==1.1"
        },
        "traitlets": {
            "hashes": [],
            "version": "==4.3.2"
        },
        "typing": {
            "hashes": [],
            "version": "==3.6.4"
        },
        "urwid": {
            "hashes": [],
            "version": "==2.0.1"
        },
        "wcwidth": {
            "hashes": [],
            "version": "==0.1.7"
        },
        "werkzeug": {
            "hashes": [],
            "version": "==0.14.1"
        },
        "wrapt": {
            "hashes": [],
            "version": "==1.10.11"
        }
    }
}
